{
  "definition": "./",
  "optionals": [],
  "private": {
    "libraries": [ {
      "definition": "../",
      "hash": "b143a5b72075f47307a23e680889d8434c8afc54",
      "name": "Zefiros-Software/Boost",
      "repository": "https://github.com/boostorg/boost.git",
      "settings": {
        "accumulators": true,
        "chrono": true
      },
      "tag": "boost-1.66.0",
      "version": "1.66.0",
      "versionRequirement": ">0.0.0"
    } ],
    "modules": [ {
      "definition": "https://github.com/Zefiros-Software/ZefirosDefaults.git",
      "hash": "aa6146cf03dc15692bad12e61e7dbb8626dc3260",
      "name": "Zefiros-Software/Zefiros-Defaults",
      "public": {
        "libraries": [ {
          "definition": "https://github.com/Zefiros-Software/GoogleTest.git",
          "hash": "1c2f1907047216654599b0057df49d21a2c1400a",
          "name": "Zefiros-Software/GoogleTest",
          "repository": "https://github.com/google/googletest.git",
          "tag": "HEAD",
          "versionRequirement": "@head || ^1.0.0"
        }, {
          "definition": "https://github.com/Zefiros-Software/GoogleBenchmark.git",
          "hash": "e4ccad7c4a36f2a6dfaa2d391c00c5ec4ea63d7c",
          "name": "Zefiros-Software/GoogleBenchmark",
          "repository": "https://github.com/google/benchmark.git",
          "tag": "HEAD",
          "versionRequirement": "@head"
        } ]
      },
      "repository": "https://github.com/Zefiros-Software/ZefirosDefaults.git",
      "tag": "HEAD",
      "versionRequirement": "@head"
    } ]
  },
  "repository": "./"
}